{
  "name": "tests",
  "version": "0.0.1",
  "lockfileVersion": 1,
  "requires": true,
  "dependencies": {
    "unity-n-promises": {
      "version": "github:shadowmint/unity-n-promises#97c9bf09fa2555ecb22cbb6ba98094aa8d5f262f",
      "from": "github:shadowmint/unity-n-promises"
    },
    "unity-n-relay": {
      "version": "file:..",
      "requires": {
        "unity-n-promises": "github:shadowmint/unity-n-promises#97c9bf09fa2555ecb22cbb6ba98094aa8d5f262f"
      }
    },
    "unity-n-tests": {
      "version": "github:shadowmint/unity-n-tests#bd790b0912127af775ed72d41f3d28a0ca5549b7",
      "from": "github:shadowmint/unity-n-tests"
    }
  }
}
